// !$*UTF8*$!
{
	archiveVersion = 1;
	classes = {
	};
	objectVersion = 55;
	objects = {

/* Begin PBXBuildFile section */
		BE1A0F8B28FD9B240009C499 /* iSipApp.swift in Sources */ = {isa = PBXBuildFile; fileRef = BE1A0F8A28FD9B240009C499 /* iSipApp.swift */; };
		BE1A0F8D28FD9B240009C499 /* ContentView.swift in Sources */ = {isa = PBXBuildFile; fileRef = BE1A0F8C28FD9B240009C499 /* ContentView.swift */; };
		BE1A0F8F28FD9B280009C499 /* Assets.xcassets in Resources */ = {isa = PBXBuildFile; fileRef = BE1A0F8E28FD9B280009C499 /* Assets.xcassets */; };
		BE1A0F9228FD9B280009C499 /* Preview Assets.xcassets in Resources */ = {isa = PBXBuildFile; fileRef = BE1A0F9128FD9B280009C499 /* Preview Assets.xcassets */; };
		BE1A0F9C28FD9B290009C499 /* iSipTests.swift in Sources */ = {isa = PBXBuildFile; fileRef = BE1A0F9B28FD9B290009C499 /* iSipTests.swift */; };
		BE1A0FA628FD9B290009C499 /* iSipUITests.swift in Sources */ = {isa = PBXBuildFile; fileRef = BE1A0FA528FD9B290009C499 /* iSipUITests.swift */; };
		BE1A0FA828FD9B290009C499 /* iSipUITestsLaunchTests.swift in Sources */ = {isa = PBXBuildFile; fileRef = BE1A0FA728FD9B290009C499 /* iSipUITestsLaunchTests.swift */; };
		BE2153F029058A6D004F7CA1 /* CheckoutView.swift in Sources */ = {isa = PBXBuildFile; fileRef = BE2153EF29058A6D004F7CA1 /* CheckoutView.swift */; };
		BE77ECB12903745E0005D2D3 /* Order.swift in Sources */ = {isa = PBXBuildFile; fileRef = BE77ECB02903745E0005D2D3 /* Order.swift */; };
		BE77ECB329037D700005D2D3 /* OrderView.swift in Sources */ = {isa = PBXBuildFile; fileRef = BE77ECB229037D700005D2D3 /* OrderView.swift */; };
		BE7A65FA29032C59007C3B5D /* DetailView.swift in Sources */ = {isa = PBXBuildFile; fileRef = BE7A65F929032C58007C3B5D /* DetailView.swift */; };
		BE7B5E5828FF17E3002723C3 /* DataModel.swift in Sources */ = {isa = PBXBuildFile; fileRef = BE7B5E5728FF17E3002723C3 /* DataModel.swift */; };
		BE86BDD52900D3A6001AB6E2 /* Splash Screen.swift in Sources */ = {isa = PBXBuildFile; fileRef = BE86BDD42900D3A6001AB6E2 /* Splash Screen.swift */; };
		BE8ABD342904A88200C5F8ED /* MainView.swift in Sources */ = {isa = PBXBuildFile; fileRef = BE8ABD332904A88200C5F8ED /* MainView.swift */; };
/* End PBXBuildFile section */

/* Begin PBXContainerItemProxy section */
		BE1A0F9828FD9B290009C499 /* PBXContainerItemProxy */ = {
			isa = PBXContainerItemProxy;
			containerPortal = BE1A0F7F28FD9B240009C499 /* Project object */;
			proxyType = 1;
			remoteGlobalIDString = BE1A0F8628FD9B240009C499;
			remoteInfo = iSip;
		};
		BE1A0FA228FD9B290009C499 /* PBXContainerItemProxy */ = {
			isa = PBXContainerItemProxy;
			containerPortal = BE1A0F7F28FD9B240009C499 /* Project object */;
			proxyType = 1;
			remoteGlobalIDString = BE1A0F8628FD9B240009C499;
			remoteInfo = iSip;
		};
/* End PBXContainerItemProxy section */

/* Begin PBXFileReference section */
		BE1A0F8728FD9B240009C499 /* iSip.app */ = {isa = PBXFileReference; explicitFileType = wrapper.application; includeInIndex = 0; path = iSip.app; sourceTree = BUILT_PRODUCTS_DIR; };
		BE1A0F8A28FD9B240009C499 /* iSipApp.swift */ = {isa = PBXFileReference; lastKnownFileType = sourcecode.swift; path = iSipApp.swift; sourceTree = "<group>"; };
		BE1A0F8C28FD9B240009C499 /* ContentView.swift */ = {isa = PBXFileReference; lastKnownFileType = sourcecode.swift; path = ContentView.swift; sourceTree = "<group>"; };
		BE1A0F8E28FD9B280009C499 /* Assets.xcassets */ = {isa = PBXFileReference; lastKnownFileType = folder.assetcatalog; path = Assets.xcassets; sourceTree = "<group>"; };
		BE1A0F9128FD9B280009C499 /* Preview Assets.xcassets */ = {isa = PBXFileReference; lastKnownFileType = folder.assetcatalog; path = "Preview Assets.xcassets"; sourceTree = "<group>"; };
		BE1A0F9728FD9B290009C499 /* iSipTests.xctest */ = {isa = PBXFileReference; explicitFileType = wrapper.cfbundle; includeInIndex = 0; path = iSipTests.xctest; sourceTree = BUILT_PRODUCTS_DIR; };
		BE1A0F9B28FD9B290009C499 /* iSipTests.swift */ = {isa = PBXFileReference; lastKnownFileType = sourcecode.swift; path = iSipTests.swift; sourceTree = "<group>"; };
		BE1A0FA128FD9B290009C499 /* iSipUITests.xctest */ = {isa = PBXFileReference; explicitFileType = wrapper.cfbundle; includeInIndex = 0; path = iSipUITests.xctest; sourceTree = BUILT_PRODUCTS_DIR; };
		BE1A0FA528FD9B290009C499 /* iSipUITests.swift */ = {isa = PBXFileReference; lastKnownFileType = sourcecode.swift; path = iSipUITests.swift; sourceTree = "<group>"; };
		BE1A0FA728FD9B290009C499 /* iSipUITestsLaunchTests.swift */ = {isa = PBXFileReference; lastKnownFileType = sourcecode.swift; path = iSipUITestsLaunchTests.swift; sourceTree = "<group>"; };
		BE2153EF29058A6D004F7CA1 /* CheckoutView.swift */ = {isa = PBXFileReference; lastKnownFileType = sourcecode.swift; path = CheckoutView.swift; sourceTree = "<group>"; };
		BE77ECB02903745E0005D2D3 /* Order.swift */ = {isa = PBXFileReference; lastKnownFileType = sourcecode.swift; path = Order.swift; sourceTree = "<group>"; };
		BE77ECB229037D700005D2D3 /* OrderView.swift */ = {isa = PBXFileReference; lastKnownFileType = sourcecode.swift; path = OrderView.swift; sourceTree = "<group>"; };
		BE7A65F929032C58007C3B5D /* DetailView.swift */ = {isa = PBXFileReference; lastKnownFileType = sourcecode.swift; path = DetailView.swift; sourceTree = "<group>"; };
		BE7B5E5728FF17E3002723C3 /* DataModel.swift */ = {isa = PBXFileReference; lastKnownFileType = sourcecode.swift; path = DataModel.swift; sourceTree = "<group>"; };
		BE86BDD42900D3A6001AB6E2 /* Splash Screen.swift */ = {isa = PBXFileReference; lastKnownFileType = sourcecode.swift; path = "Splash Screen.swift"; sourceTree = "<group>"; };
		BE8ABD332904A88200C5F8ED /* MainView.swift */ = {isa = PBXFileReference; lastKnownFileType = sourcecode.swift; path = MainView.swift; sourceTree = "<group>"; };
/* End PBXFileReference section */

/* Begin PBXFrameworksBuildPhase section */
		BE1A0F8428FD9B240009C499 /* Frameworks */ = {
			isa = PBXFrameworksBuildPhase;
			buildActionMask = 2147483647;
			files = (
			);
			runOnlyForDeploymentPostprocessing = 0;
		};
		BE1A0F9428FD9B290009C499 /* Frameworks */ = {
			isa = PBXFrameworksBuildPhase;
			buildActionMask = 2147483647;
			files = (
			);
			runOnlyForDeploymentPostprocessing = 0;
		};
		BE1A0F9E28FD9B290009C499 /* Frameworks */ = {
			isa = PBXFrameworksBuildPhase;
			buildActionMask = 2147483647;
			files = (
			);
			runOnlyForDeploymentPostprocessing = 0;
		};
/* End PBXFrameworksBuildPhase section */

/* Begin PBXGroup section */
		BE1A0F7E28FD9B240009C499 = {
			isa = PBXGroup;
			children = (
				BE1A0F8928FD9B240009C499 /* iSip */,
				BE1A0F9A28FD9B290009C499 /* iSipTests */,
				BE1A0FA428FD9B290009C499 /* iSipUITests */,
				BE1A0F8828FD9B240009C499 /* Products */,
			);
			sourceTree = "<group>";
		};
		BE1A0F8828FD9B240009C499 /* Products */ = {
			isa = PBXGroup;
			children = (
				BE1A0F8728FD9B240009C499 /* iSip.app */,
				BE1A0F9728FD9B290009C499 /* iSipTests.xctest */,
				BE1A0FA128FD9B290009C499 /* iSipUITests.xctest */,
			);
			name = Products;
			sourceTree = "<group>";
		};
		BE1A0F8928FD9B240009C499 /* iSip */ = {
			isa = PBXGroup;
			children = (
				BE1A0F8A28FD9B240009C499 /* iSipApp.swift */,
				BE1A0F8C28FD9B240009C499 /* ContentView.swift */,
				BE7A65F929032C58007C3B5D /* DetailView.swift */,
				BE77ECB229037D700005D2D3 /* OrderView.swift */,
				BE2153EF29058A6D004F7CA1 /* CheckoutView.swift */,
				BE8ABD332904A88200C5F8ED /* MainView.swift */,
				BE7B5E5728FF17E3002723C3 /* DataModel.swift */,
				BE1A0F8E28FD9B280009C499 /* Assets.xcassets */,
				BE1A0F9028FD9B280009C499 /* Preview Content */,
				BE86BDD42900D3A6001AB6E2 /* Splash Screen.swift */,
				BE77ECB02903745E0005D2D3 /* Order.swift */,
			);
			path = iSip;
			sourceTree = "<group>";
		};
		BE1A0F9028FD9B280009C499 /* Preview Content */ = {
			isa = PBXGroup;
			children = (
				BE1A0F9128FD9B280009C499 /* Preview Assets.xcassets */,
			);
			path = "Preview Content";
			sourceTree = "<group>";
		};
		BE1A0F9A28FD9B290009C499 /* iSipTests */ = {
			isa = PBXGroup;
			children = (
				BE1A0F9B28FD9B290009C499 /* iSipTests.swift */,
			);
			path = iSipTests;
			sourceTree = "<group>";
		};
		BE1A0FA428FD9B290009C499 /* iSipUITests */ = {
			isa = PBXGroup;
			children = (
				BE1A0FA528FD9B290009C499 /* iSipUITests.swift */,
				BE1A0FA728FD9B290009C499 /* iSipUITestsLaunchTests.swift */,
			);
			path = iSipUITests;
			sourceTree = "<group>";
		};
/* End PBXGroup section */

/* Begin PBXNativeTarget section */
		BE1A0F8628FD9B240009C499 /* iSip */ = {
			isa = PBXNativeTarget;
			buildConfigurationList = BE1A0FAB28FD9B290009C499 /* Build configuration list for PBXNativeTarget "iSip" */;
			buildPhases = (
				BE1A0F8328FD9B240009C499 /* Sources */,
				BE1A0F8428FD9B240009C499 /* Frameworks */,
				BE1A0F8528FD9B240009C499 /* Resources */,
			);
			buildRules = (
			);
			dependencies = (
			);
			name = iSip;
			productName = iSip;
			productReference = BE1A0F8728FD9B240009C499 /* iSip.app */;
			productType = "com.apple.product-type.application";
		};
		BE1A0F9628FD9B290009C499 /* iSipTests */ = {
			isa = PBXNativeTarget;
			buildConfigurationList = BE1A0FAE28FD9B290009C499 /* Build configuration list for PBXNativeTarget "iSipTests" */;
			buildPhases = (
				BE1A0F9328FD9B290009C499 /* Sources */,
				BE1A0F9428FD9B290009C499 /* Frameworks */,
				BE1A0F9528FD9B290009C499 /* Resources */,
			);
			buildRules = (
			);
			dependencies = (
				BE1A0F9928FD9B290009C499 /* PBXTargetDependency */,
			);
			name = iSipTests;
			productName = iSipTests;
			productReference = BE1A0F9728FD9B290009C499 /* iSipTests.xctest */;
			productType = "com.apple.product-type.bundle.unit-test";
		};
		BE1A0FA028FD9B290009C499 /* iSipUITests */ = {
			isa = PBXNativeTarget;
			buildConfigurationList = BE1A0FB128FD9B290009C499 /* Build configuration list for PBXNativeTarget "iSipUITests" */;
			buildPhases = (
				BE1A0F9D28FD9B290009C499 /* Sources */,
				BE1A0F9E28FD9B290009C499 /* Frameworks */,
				BE1A0F9F28FD9B290009C499 /* Resources */,
			);
			buildRules = (
			);
			dependencies = (
				BE1A0FA328FD9B290009C499 /* PBXTargetDependency */,
			);
			name = iSipUITests;
			productName = iSipUITests;
			productReference = BE1A0FA128FD9B290009C499 /* iSipUITests.xctest */;
			productType = "com.apple.product-type.bundle.ui-testing";
		};
/* End PBXNativeTarget section */

/* Begin PBXProject section */
		BE1A0F7F28FD9B240009C499 /* Project object */ = {
			isa = PBXProject;
			attributes = {
				BuildIndependentTargetsInParallel = 1;
				LastSwiftUpdateCheck = 1340;
				LastUpgradeCheck = 1340;
				TargetAttributes = {
					BE1A0F8628FD9B240009C499 = {
						CreatedOnToolsVersion = 13.4.1;
					};
					BE1A0F9628FD9B290009C499 = {
						CreatedOnToolsVersion = 13.4.1;
						TestTargetID = BE1A0F8628FD9B240009C499;
					};
					BE1A0FA028FD9B290009C499 = {
						CreatedOnToolsVersion = 13.4.1;
						TestTargetID = BE1A0F8628FD9B240009C499;
					};
				};
			};
			buildConfigurationList = BE1A0F8228FD9B240009C499 /* Build configuration list for PBXProject "iSip" */;
			compatibilityVersion = "Xcode 13.0";
			developmentRegion = en;
			hasScannedForEncodings = 0;
			knownRegions = (
				en,
				Base,
			);
			mainGroup = BE1A0F7E28FD9B240009C499;
			productRefGroup = BE1A0F8828FD9B240009C499 /* Products */;
			projectDirPath = "";
			projectRoot = "";
			targets = (
				BE1A0F8628FD9B240009C499 /* iSip */,
				BE1A0F9628FD9B290009C499 /* iSipTests */,
				BE1A0FA028FD9B290009C499 /* iSipUITests */,
			);
		};
/* End PBXProject section */

/* Begin PBXResourcesBuildPhase section */
		BE1A0F8528FD9B240009C499 /* Resources */ = {
			isa = PBXResourcesBuildPhase;
			buildActionMask = 2147483647;
			files = (
				BE1A0F9228FD9B280009C499 /* Preview Assets.xcassets in Resources */,
				BE1A0F8F28FD9B280009C499 /* Assets.xcassets in Resources */,
			);
			runOnlyForDeploymentPostprocessing = 0;
		};
		BE1A0F9528FD9B290009C499 /* Resources */ = {
			isa = PBXResourcesBuildPhase;
			buildActionMask = 2147483647;
			files = (
			);
			runOnlyForDeploymentPostprocessing = 0;
		};
		BE1A0F9F28FD9B290009C499 /* Resources */ = {
			isa = PBXResourcesBuildPhase;
			buildActionMask = 2147483647;
			files = (
			);
			runOnlyForDeploymentPostprocessing = 0;
		};
/* End PBXResourcesBuildPhase section */

/* Begin PBXSourcesBuildPhase section */
		BE1A0F8328FD9B240009C499 /* Sources */ = {
			isa = PBXSourcesBuildPhase;
			buildActionMask = 2147483647;
			files = (
				BE7A65FA29032C59007C3B5D /* DetailView.swift in Sources */,
				BE8ABD342904A88200C5F8ED /* MainView.swift in Sources */,
				BE2153F029058A6D004F7CA1 /* CheckoutView.swift in Sources */,
				BE77ECB329037D700005D2D3 /* OrderView.swift in Sources */,
				BE1A0F8D28FD9B240009C499 /* ContentView.swift in Sources */,
				BE1A0F8B28FD9B240009C499 /* iSipApp.swift in Sources */,
				BE7B5E5828FF17E3002723C3 /* DataModel.swift in Sources */,
				BE86BDD52900D3A6001AB6E2 /* Splash Screen.swift in Sources */,
				BE77ECB12903745E0005D2D3 /* Order.swift in Sources */,
			);
			runOnlyForDeploymentPostprocessing = 0;
		};
		BE1A0F9328FD9B290009C499 /* Sources */ = {
			isa = PBXSourcesBuildPhase;
			buildActionMask = 2147483647;
			files = (
				BE1A0F9C28FD9B290009C499 /* iSipTests.swift in Sources */,
			);
			runOnlyForDeploymentPostprocessing = 0;
		};
		BE1A0F9D28FD9B290009C499 /* Sources */ = {
			isa = PBXSourcesBuildPhase;
			buildActionMask = 2147483647;
			files = (
				BE1A0FA628FD9B290009C499 /* iSipUITests.swift in Sources */,
				BE1A0FA828FD9B290009C499 /* iSipUITestsLaunchTests.swift in Sources */,
			);
			runOnlyForDeploymentPostprocessing = 0;
		};
/* End PBXSourcesBuildPhase section */

/* Begin PBXTargetDependency section */
		BE1A0F9928FD9B290009C499 /* PBXTargetDependency */ = {
			isa = PBXTargetDependency;
			target = BE1A0F8628FD9B240009C499 /* iSip */;
			targetProxy = BE1A0F9828FD9B290009C499 /* PBXContainerItemProxy */;
		};
		BE1A0FA328FD9B290009C499 /* PBXTargetDependency */ = {
			isa = PBXTargetDependency;
			target = BE1A0F8628FD9B240009C499 /* iSip */;
			targetProxy = BE1A0FA228FD9B290009C499 /* PBXContainerItemProxy */;
		};
/* End PBXTargetDependency section */

/* Begin XCBuildConfiguration section */
		BE1A0FA928FD9B290009C499 /* Debug */ = {
			isa = XCBuildConfiguration;
			buildSettings = {
				ALWAYS_SEARCH_USER_PATHS = NO;
				CLANG_ANALYZER_NONNULL = YES;
				CLANG_ANALYZER_NUMBER_OBJECT_CONVERSION = YES_AGGRESSIVE;
				CLANG_CXX_LANGUAGE_STANDARD = "gnu++17";
				CLANG_ENABLE_MODULES = YES;
				CLANG_ENABLE_OBJC_ARC = YES;
				CLANG_ENABLE_OBJC_WEAK = YES;
				CLANG_WARN_BLOCK_CAPTURE_AUTORELEASING = YES;
				CLANG_WARN_BOOL_CONVERSION = YES;
				CLANG_WARN_COMMA = YES;
				CLANG_WARN_CONSTANT_CONVERSION = YES;
				CLANG_WARN_DEPRECATED_OBJC_IMPLEMENTATIONS = YES;
				CLANG_WARN_DIRECT_OBJC_ISA_USAGE = YES_ERROR;
				CLANG_WARN_DOCUMENTATION_COMMENTS = YES;
				CLANG_WARN_EMPTY_BODY = YES;
				CLANG_WARN_ENUM_CONVERSION = YES;
				CLANG_WARN_INFINITE_RECURSION = YES;
				CLANG_WARN_INT_CONVERSION = YES;
				CLANG_WARN_NON_LITERAL_NULL_CONVERSION = YES;
				CLANG_WARN_OBJC_IMPLICIT_RETAIN_SELF = YES;
				CLANG_WARN_OBJC_LITERAL_CONVERSION = YES;
				CLANG_WARN_OBJC_ROOT_CLASS = YES_ERROR;
				CLANG_WARN_QUOTED_INCLUDE_IN_FRAMEWORK_HEADER = YES;
				CLANG_WARN_RANGE_LOOP_ANALYSIS = YES;
				CLANG_WARN_STRICT_PROTOTYPES = YES;
				CLANG_WARN_SUSPICIOUS_MOVE = YES;
				CLANG_WARN_UNGUARDED_AVAILABILITY = YES_AGGRESSIVE;
				CLANG_WARN_UNREACHABLE_CODE = YES;
				CLANG_WARN__DUPLICATE_METHOD_MATCH = YES;
				COPY_PHASE_STRIP = NO;
				DEBUG_INFORMATION_FORMAT = dwarf;
				ENABLE_STRICT_OBJC_MSGSEND = YES;
				ENABLE_TESTABILITY = YES;
				GCC_C_LANGUAGE_STANDARD = gnu11;
				GCC_DYNAMIC_NO_PIC = NO;
				GCC_NO_COMMON_BLOCKS = YES;
				GCC_OPTIMIZATION_LEVEL = 0;
				GCC_PREPROCESSOR_DEFINITIONS = (
					"DEBUG=1",
					"$(inherited)",
				);
				GCC_WARN_64_TO_32_BIT_CONVERSION = YES;
				GCC_WARN_ABOUT_RETURN_TYPE = YES_ERROR;
				GCC_WARN_UNDECLARED_SELECTOR = YES;
				GCC_WARN_UNINITIALIZED_AUTOS = YES_AGGRESSIVE;
				GCC_WARN_UNUSED_FUNCTION = YES;
				GCC_WARN_UNUSED_VARIABLE = YES;
				IPHONEOS_DEPLOYMENT_TARGET = 15.5;
				MTL_ENABLE_DEBUG_INFO = INCLUDE_SOURCE;
				MTL_FAST_MATH = YES;
				ONLY_ACTIVE_ARCH = YES;
				SDKROOT = iphoneos;
				SWIFT_ACTIVE_COMPILATION_CONDITIONS = DEBUG;
				SWIFT_OPTIMIZATION_LEVEL = "-Onone";
			};
			name = Debug;
		};
		BE1A0FAA28FD9B290009C499 /* Release */ = {
			isa = XCBuildConfiguration;
			buildSettings = {
				ALWAYS_SEARCH_USER_PATHS = NO;
				CLANG_ANALYZER_NONNULL = YES;
				CLANG_ANALYZER_NUMBER_OBJECT_CONVERSION = YES_AGGRESSIVE;
				CLANG_CXX_LANGUAGE_STANDARD = "gnu++17";
				CLANG_ENABLE_MODULES = YES;
				CLANG_ENABLE_OBJC_ARC = YES;
				CLANG_ENABLE_OBJC_WEAK = YES;
				CLANG_WARN_BLOCK_CAPTURE_AUTORELEASING = YES;
				CLANG_WARN_BOOL_CONVERSION = YES;
				CLANG_WARN_COMMA = YES;
				CLANG_WARN_CONSTANT_CONVERSION = YES;
				CLANG_WARN_DEPRECATED_OBJC_IMPLEMENTATIONS = YES;
				CLANG_WARN_DIRECT_OBJC_ISA_USAGE = YES_ERROR;
				CLANG_WARN_DOCUMENTATION_COMMENTS = YES;
				CLANG_WARN_EMPTY_BODY = YES;
				CLANG_WARN_ENUM_CONVERSION = YES;
				CLANG_WARN_INFINITE_RECURSION = YES;
				CLANG_WARN_INT_CONVERSION = YES;
				CLANG_WARN_NON_LITERAL_NULL_CONVERSION = YES;
				CLANG_WARN_OBJC_IMPLICIT_RETAIN_SELF = YES;
				CLANG_WARN_OBJC_LITERAL_CONVERSION = YES;
				CLANG_WARN_OBJC_ROOT_CLASS = YES_ERROR;
				CLANG_WARN_QUOTED_INCLUDE_IN_FRAMEWORK_HEADER = YES;
				CLANG_WARN_RANGE_LOOP_ANALYSIS = YES;
				CLANG_WARN_STRICT_PROTOTYPES = YES;
				CLANG_WARN_SUSPICIOUS_MOVE = YES;
				CLANG_WARN_UNGUARDED_AVAILABILITY = YES_AGGRESSIVE;
				CLANG_WARN_UNREACHABLE_CODE = YES;
				CLANG_WARN__DUPLICATE_METHOD_MATCH = YES;
				COPY_PHASE_STRIP = NO;
				DEBUG_INFORMATION_FORMAT = "dwarf-with-dsym";
				ENABLE_NS_ASSERTIONS = NO;
				ENABLE_STRICT_OBJC_MSGSEND = YES;
				GCC_C_LANGUAGE_STANDARD = gnu11;
				GCC_NO_COMMON_BLOCKS = YES;
				GCC_WARN_64_TO_32_BIT_CONVERSION = YES;
				GCC_WARN_ABOUT_RETURN_TYPE = YES_ERROR;
				GCC_WARN_UNDECLARED_SELECTOR = YES;
				GCC_WARN_UNINITIALIZED_AUTOS = YES_AGGRESSIVE;
				GCC_WARN_UNUSED_FUNCTION = YES;
				GCC_WARN_UNUSED_VARIABLE = YES;
				IPHONEOS_DEPLOYMENT_TARGET = 15.5;
				MTL_ENABLE_DEBUG_INFO = NO;
				MTL_FAST_MATH = YES;
				SDKROOT = iphoneos;
				SWIFT_COMPILATION_MODE = wholemodule;
				SWIFT_OPTIMIZATION_LEVEL = "-O";
				VALIDATE_PRODUCT = YES;
			};
			name = Release;
		};
		BE1A0FAC28FD9B290009C499 /* Debug */ = {
			isa = XCBuildConfiguration;
			buildSettings = {
				ASSETCATALOG_COMPILER_APPICON_NAME = AppIcon;
				ASSETCATALOG_COMPILER_GLOBAL_ACCENT_COLOR_NAME = AccentColor;
				CODE_SIGN_STYLE = Automatic;
				CURRENT_PROJECT_VERSION = 1;
				DEVELOPMENT_ASSET_PATHS = "\"iSip/Preview Content\"";
				ENABLE_PREVIEWS = YES;
				GENERATE_INFOPLIST_FILE = YES;
				INFOPLIST_KEY_UIApplicationSceneManifest_Generation = YES;
				INFOPLIST_KEY_UIApplicationSupportsIndirectInputEvents = YES;
				INFOPLIST_KEY_UILaunchScreen_Generation = YES;
				INFOPLIST_KEY_UISupportedInterfaceOrientations_iPad = "UIInterfaceOrientationPortrait UIInterfaceOrientationPortraitUpsideDown UIInterfaceOrientationLandscapeLeft UIInterfaceOrientationLandscapeRight";
				INFOPLIST_KEY_UISupportedInterfaceOrientations_iPhone = "UIInterfaceOrientationPortrait UIInterfaceOrientationLandscapeLeft UIInterfaceOrientationLandscapeRight";
				LD_RUNPATH_SEARCH_PATHS = (
					"$(inherited)",
					"@executable_path/Frameworks",
				);
				MARKETING_VERSION = 1.0;
				PRODUCT_BUNDLE_IDENTIFIER = com.ElijahArmande.iSip;
				PRODUCT_NAME = "$(TARGET_NAME)";
				SWIFT_EMIT_LOC_STRINGS = YES;
				SWIFT_VERSION = 5.0;
				TARGETED_DEVICE_FAMILY = "1,2";
			};
			name = Debug;
		};
		BE1A0FAD28FD9B290009C499 /* Release */ = {
			isa = XCBuildConfiguration;
			buildSettings = {
				ASSETCATALOG_COMPILER_APPICON_NAME = AppIcon;
				ASSETCATALOG_COMPILER_GLOBAL_ACCENT_COLOR_NAME = AccentColor;
				CODE_SIGN_STYLE = Automatic;
				CURRENT_PROJECT_VERSION = 1;
				DEVELOPMENT_ASSET_PATHS = "\"iSip/Preview Content\"";
				ENABLE_PREVIEWS = YES;
				GENERATE_INFOPLIST_FILE = YES;
				INFOPLIST_KEY_UIApplicationSceneManifest_Generation = YES;
				INFOPLIST_KEY_UIApplicationSupportsIndirectInputEvents = YES;
				INFOPLIST_KEY_UILaunchScreen_Generation = YES;
				INFOPLIST_KEY_UISupportedInterfaceOrientations_iPad = "UIInterfaceOrientationPortrait UIInterfaceOrientationPortraitUpsideDown UIInterfaceOrientationLandscapeLeft UIInterfaceOrientationLandscapeRight";
				INFOPLIST_KEY_UISupportedInterfaceOrientations_iPhone = "UIInterfaceOrientationPortrait UIInterfaceOrientationLandscapeLeft UIInterfaceOrientationLandscapeRight";
				LD_RUNPATH_SEARCH_PATHS = (
					"$(inherited)",
					"@executable_path/Frameworks",
				);
				MARKETING_VERSION = 1.0;
				PRODUCT_BUNDLE_IDENTIFIER = com.ElijahArmande.iSip;
				PRODUCT_NAME = "$(TARGET_NAME)";
				SWIFT_EMIT_LOC_STRINGS = YES;
				SWIFT_VERSION = 5.0;
				TARGETED_DEVICE_FAMILY = "1,2";
			};
			name = Release;
		};
		BE1A0FAF28FD9B290009C499 /* Debug */ = {
			isa = XCBuildConfiguration;
			buildSettings = {
				ALWAYS_EMBED_SWIFT_STANDARD_LIBRARIES = YES;
				BUNDLE_LOADER = "$(TEST_HOST)";
				CODE_SIGN_STYLE = Automatic;
				CURRENT_PROJECT_VERSION = 1;
				GENERATE_INFOPLIST_FILE = YES;
				IPHONEOS_DEPLOYMENT_TARGET = 15.5;
				MARKETING_VERSION = 1.0;
				PRODUCT_BUNDLE_IDENTIFIER = com.ElijahArmande.iSipTests;
				PRODUCT_NAME = "$(TARGET_NAME)";
				SWIFT_EMIT_LOC_STRINGS = NO;
				SWIFT_VERSION = 5.0;
				TARGETED_DEVICE_FAMILY = "1,2";
				TEST_HOST = "$(BUILT_PRODUCTS_DIR)/iSip.app/iSip";
			};
			name = Debug;
		};
		BE1A0FB028FD9B290009C499 /* Release */ = {
			isa = XCBuildConfiguration;
			buildSettings = {
				ALWAYS_EMBED_SWIFT_STANDARD_LIBRARIES = YES;
				BUNDLE_LOADER = "$(TEST_HOST)";
				CODE_SIGN_STYLE = Automatic;
				CURRENT_PROJECT_VERSION = 1;
				GENERATE_INFOPLIST_FILE = YES;
				IPHONEOS_DEPLOYMENT_TARGET = 15.5;
				MARKETING_VERSION = 1.0;
				PRODUCT_BUNDLE_IDENTIFIER = com.ElijahArmande.iSipTests;
				PRODUCT_NAME = "$(TARGET_NAME)";
				SWIFT_EMIT_LOC_STRINGS = NO;
				SWIFT_VERSION = 5.0;
				TARGETED_DEVICE_FAMILY = "1,2";
				TEST_HOST = "$(BUILT_PRODUCTS_DIR)/iSip.app/iSip";
			};
			name = Release;
		};
		BE1A0FB228FD9B290009C499 /* Debug */ = {
			isa = XCBuildConfiguration;
			buildSettings = {
				ALWAYS_EMBED_SWIFT_STANDARD_LIBRARIES = YES;
				CODE_SIGN_STYLE = Automatic;
				CURRENT_PROJECT_VERSION = 1;
				GENERATE_INFOPLIST_FILE = YES;
				MARKETING_VERSION = 1.0;
				PRODUCT_BUNDLE_IDENTIFIER = com.ElijahArmande.iSipUITests;
				PRODUCT_NAME = "$(TARGET_NAME)";
				SWIFT_EMIT_LOC_STRINGS = NO;
				SWIFT_VERSION = 5.0;
				TARGETED_DEVICE_FAMILY = "1,2";
				TEST_TARGET_NAME = iSip;
			};
			name = Debug;
		};
		BE1A0FB328FD9B290009C499 /* Release */ = {
			isa = XCBuildConfiguration;
			buildSettings = {
				ALWAYS_EMBED_SWIFT_STANDARD_LIBRARIES = YES;
				CODE_SIGN_STYLE = Automatic;
				CURRENT_PROJECT_VERSION = 1;
				GENERATE_INFOPLIST_FILE = YES;
				MARKETING_VERSION = 1.0;
				PRODUCT_BUNDLE_IDENTIFIER = com.ElijahArmande.iSipUITests;
				PRODUCT_NAME = "$(TARGET_NAME)";
				SWIFT_EMIT_LOC_STRINGS = NO;
				SWIFT_VERSION = 5.0;
				TARGETED_DEVICE_FAMILY = "1,2";
				TEST_TARGET_NAME = iSip;
			};
			name = Release;
		};
/* End XCBuildConfiguration section */

/* Begin XCConfigurationList section */
		BE1A0F8228FD9B240009C499 /* Build configuration list for PBXProject "iSip" */ = {
			isa = XCConfigurationList;
			buildConfigurations = (
				BE1A0FA928FD9B290009C499 /* Debug */,
				BE1A0FAA28FD9B290009C499 /* Release */,
			);
			defaultConfigurationIsVisible = 0;
			defaultConfigurationName = Release;
		};
		BE1A0FAB28FD9B290009C499 /* Build configuration list for PBXNativeTarget "iSip" */ = {
			isa = XCConfigurationList;
			buildConfigurations = (
				BE1A0FAC28FD9B290009C499 /* Debug */,
				BE1A0FAD28FD9B290009C499 /* Release */,
			);
			defaultConfigurationIsVisible = 0;
			defaultConfigurationName = Release;
		};
		BE1A0FAE28FD9B290009C499 /* Build configuration list for PBXNativeTarget "iSipTests" */ = {
			isa = XCConfigurationList;
			buildConfigurations = (
				BE1A0FAF28FD9B290009C499 /* Debug */,
				BE1A0FB028FD9B290009C499 /* Release */,
			);
			defaultConfigurationIsVisible = 0;
			defaultConfigurationName = Release;
		};
		BE1A0FB128FD9B290009C499 /* Build configuration list for PBXNativeTarget "iSipUITests" */ = {
			isa = XCConfigurationList;
			buildConfigurations = (
				BE1A0FB228FD9B290009C499 /* Debug */,
				BE1A0FB328FD9B290009C499 /* Release */,
			);
			defaultConfigurationIsVisible = 0;
			defaultConfigurationName = Release;
		};
/* End XCConfigurationList section */
	};
	rootObject = BE1A0F7F28FD9B240009C499 /* Project object */;
}
